
Microsoft Visual Studio Solution File, Format Version 12.00
# Visual Studio Version 17
VisualStudioVersion = 17.9.34607.119
MinimumVisualStudioVersion = 10.0.40219.1
Project("{9A19103F-16F7-4668-BE54-9A1E7A4F7556}") = "InMemoryApp.Web", "InMemoryApp.Web\InMemoryApp.Web.csproj", "{F8DCCC23-38BE-48E7-B361-0796870BBDDF}"
EndProject
Project("{FAE04EC0-301F-11D3-BF4B-00C04F79EFBC}") = "IDistributedCacheRedisApp.Web", "IDistributedCacheRedisApp.Web\IDistributedCacheRedisApp.Web.csproj", "{C10F193E-B1C3-4FD7-802D-5A7C4198DA03}"
EndProject
Project("{FAE04EC0-301F-11D3-BF4B-00C04F79EFBC}") = "RedisExchangeAPI.Web", "RedisExchangeAPI.Web\RedisExchangeAPI.Web.csproj", "{57DFDA92-2E54-434B-9F61-AE4FBEDA2DC7}"
EndProject
Global
	GlobalSection(SolutionConfigurationPlatforms) = preSolution
		Debug|Any CPU = Debug|Any CPU
		Release|Any CPU = Release|Any CPU
	EndGlobalSection
	GlobalSection(ProjectConfigurationPlatforms) = postSolution
		{F8DCCC23-38BE-48E7-B361-0796870BBDDF}.Debug|Any CPU.ActiveCfg = Debug|Any CPU
		{F8DCCC23-38BE-48E7-B361-0796870BBDDF}.Debug|Any CPU.Build.0 = Debug|Any CPU
		{F8DCCC23-38BE-48E7-B361-0796870BBDDF}.Release|Any CPU.ActiveCfg = Release|Any CPU
		{F8DCCC23-38BE-48E7-B361-0796870BBDDF}.Release|Any CPU.Build.0 = Release|Any CPU
		{C10F193E-B1C3-4FD7-802D-5A7C4198DA03}.Debug|Any CPU.ActiveCfg = Debug|Any CPU
		{C10F193E-B1C3-4FD7-802D-5A7C4198DA03}.Debug|Any CPU.Build.0 = Debug|Any CPU
		{C10F193E-B1C3-4FD7-802D-5A7C4198DA03}.Release|Any CPU.ActiveCfg = Release|Any CPU
		{C10F193E-B1C3-4FD7-802D-5A7C4198DA03}.Release|Any CPU.Build.0 = Release|Any CPU
		{57DFDA92-2E54-434B-9F61-AE4FBEDA2DC7}.Debug|Any CPU.ActiveCfg = Debug|Any CPU
		{57DFDA92-2E54-434B-9F61-AE4FBEDA2DC7}.Debug|Any CPU.Build.0 = Debug|Any CPU
		{57DFDA92-2E54-434B-9F61-AE4FBEDA2DC7}.Release|Any CPU.ActiveCfg = Release|Any CPU
		{57DFDA92-2E54-434B-9F61-AE4FBEDA2DC7}.Release|Any CPU.Build.0 = Release|Any CPU
	EndGlobalSection
	GlobalSection(SolutionProperties) = preSolution
		HideSolutionNode = FALSE
	EndGlobalSection
	GlobalSection(ExtensibilityGlobals) = postSolution
		SolutionGuid = {16AE4D7D-872B-41D1-ADF6-49B003BB3E07}
	EndGlobalSection
EndGlobal
